
Microsoft Visual Studio Solution File, Format Version 12.00
# Visual Studio Version 16
VisualStudioVersion = 16.0.30320.27
MinimumVisualStudioVersion = 10.0.40219.1
Project("{FAE04EC0-301F-11D3-BF4B-00C04F79EFBC}") = "Final022", "Final022\Final022.csproj", "{BCFD9E20-9C4E-41D9-81DA-50528BA6B870}"
EndProject
Global
	GlobalSection(SolutionConfigurationPlatforms) = preSolution
		Debug|Any CPU = Debug|Any CPU
		Release|Any CPU = Release|Any CPU
	EndGlobalSection
	GlobalSection(ProjectConfigurationPlatforms) = postSolution
		{BCFD9E20-9C4E-41D9-81DA-50528BA6B870}.Debug|Any CPU.ActiveCfg = Debug|Any CPU
		{BCFD9E20-9C4E-41D9-81DA-50528BA6B870}.Debug|Any CPU.Build.0 = Debug|Any CPU
		{BCFD9E20-9C4E-41D9-81DA-50528BA6B870}.Release|Any CPU.ActiveCfg = Release|Any CPU
		{BCFD9E20-9C4E-41D9-81DA-50528BA6B870}.Release|Any CPU.Build.0 = Release|Any CPU
	EndGlobalSection
	GlobalSection(SolutionProperties) = preSolution
		HideSolutionNode = FALSE
	EndGlobalSection
	GlobalSection(ExtensibilityGlobals) = postSolution
		SolutionGuid = {3AEB2DD6-759B-4AFD-B562-0018275A4466}
	EndGlobalSection
EndGlobal
